// !$*UTF8*$!
{
	archiveVersion = 1;
	classes = {
	};
	objectVersion = 46;
	objects = {

/* Begin PBXBuildFile section */
		52FBC7561F1E2AA20016FD03 /* main.m in Sources */ = {isa = PBXBuildFile; fileRef = 52FBC7551F1E2AA20016FD03 /* main.m */; };
		52FBC75E1F1E2C0B0016FD03 /* Car.m in Sources */ = {isa = PBXBuildFile; fileRef = 52FBC75D1F1E2C0B0016FD03 /* Car.m */; };
		52FBC7611F1E2D3F0016FD03 /* Maruthi.m in Sources */ = {isa = PBXBuildFile; fileRef = 52FBC7601F1E2D3F0016FD03 /* Maruthi.m */; };
		52FBC7641F1E2E4C0016FD03 /* Benz.m in Sources */ = {isa = PBXBuildFile; fileRef = 52FBC7631F1E2E4C0016FD03 /* Benz.m */; };
/* End PBXBuildFile section */

/* Begin PBXCopyFilesBuildPhase section */
		52FBC7501F1E2AA20016FD03 /* CopyFiles */ = {
			isa = PBXCopyFilesBuildPhase;
			buildActionMask = 2147483647;
			dstPath = /usr/share/man/man1/;
			dstSubfolderSpec = 0;
			files = (
			);
			runOnlyForDeploymentPostprocessing = 1;
		};
/* End PBXCopyFilesBuildPhase section */

/* Begin PBXFileReference section */
		52FBC7521F1E2AA20016FD03 /* SubClassExample */ = {isa = PBXFileReference; explicitFileType = "compiled.mach-o.executable"; includeInIndex = 0; path = SubClassExample; sourceTree = BUILT_PRODUCTS_DIR; };
		52FBC7551F1E2AA20016FD03 /* main.m */ = {isa = PBXFileReference; lastKnownFileType = sourcecode.c.objc; path = main.m; sourceTree = "<group>"; };
		52FBC75C1F1E2C0B0016FD03 /* Car.h */ = {isa = PBXFileReference; fileEncoding = 4; lastKnownFileType = sourcecode.c.h; path = Car.h; sourceTree = "<group>"; };
		52FBC75D1F1E2C0B0016FD03 /* Car.m */ = {isa = PBXFileReference; fileEncoding = 4; lastKnownFileType = sourcecode.c.objc; path = Car.m; sourceTree = "<group>"; };
		52FBC75F1F1E2D3F0016FD03 /* Maruthi.h */ = {isa = PBXFileReference; fileEncoding = 4; lastKnownFileType = sourcecode.c.h; path = Maruthi.h; sourceTree = "<group>"; };
		52FBC7601F1E2D3F0016FD03 /* Maruthi.m */ = {isa = PBXFileReference; fileEncoding = 4; lastKnownFileType = sourcecode.c.objc; path = Maruthi.m; sourceTree = "<group>"; };
		52FBC7621F1E2E4C0016FD03 /* Benz.h */ = {isa = PBXFileReference; fileEncoding = 4; lastKnownFileType = sourcecode.c.h; path = Benz.h; sourceTree = "<group>"; };
		52FBC7631F1E2E4C0016FD03 /* Benz.m */ = {isa = PBXFileReference; fileEncoding = 4; lastKnownFileType = sourcecode.c.objc; path = Benz.m; sourceTree = "<group>"; };
/* End PBXFileReference section */

/* Begin PBXFrameworksBuildPhase section */
		52FBC74F1F1E2AA20016FD03 /* Frameworks */ = {
			isa = PBXFrameworksBuildPhase;
			buildActionMask = 2147483647;
			files = (
			);
			runOnlyForDeploymentPostprocessing = 0;
		};
/* End PBXFrameworksBuildPhase section */

/* Begin PBXGroup section */
		52FBC7491F1E2AA20016FD03 = {
			isa = PBXGroup;
			children = (
				52FBC7541F1E2AA20016FD03 /* SubClassExample */,
				52FBC7531F1E2AA20016FD03 /* Products */,
			);
			sourceTree = "<group>";
		};
		52FBC7531F1E2AA20016FD03 /* Products */ = {
			isa = PBXGroup;
			children = (
				52FBC7521F1E2AA20016FD03 /* SubClassExample */,
			);
			name = Products;
			sourceTree = "<group>";
		};
		52FBC7541F1E2AA20016FD03 /* SubClassExample */ = {
			isa = PBXGroup;
			children = (
				52FBC7551F1E2AA20016FD03 /* main.m */,
				52FBC7621F1E2E4C0016FD03 /* Benz.h */,
				52FBC7631F1E2E4C0016FD03 /* Benz.m */,
				52FBC75F1F1E2D3F0016FD03 /* Maruthi.h */,
				52FBC7601F1E2D3F0016FD03 /* Maruthi.m */,
				52FBC75C1F1E2C0B0016FD03 /* Car.h */,
				52FBC75D1F1E2C0B0016FD03 /* Car.m */,
			);
			path = SubClassExample;
			sourceTree = "<group>";
		};
/* End PBXGroup section */

/* Begin PBXNativeTarget section */
		52FBC7511F1E2AA20016FD03 /* SubClassExample */ = {
			isa = PBXNativeTarget;
			buildConfigurationList = 52FBC7591F1E2AA20016FD03 /* Build configuration list for PBXNativeTarget "SubClassExample" */;
			buildPhases = (
				52FBC74E1F1E2AA20016FD03 /* Sources */,
				52FBC74F1F1E2AA20016FD03 /* Frameworks */,
				52FBC7501F1E2AA20016FD03 /* CopyFiles */,
			);
			buildRules = (
			);
			dependencies = (
			);
			name = SubClassExample;
			productName = SubClassExample;
			productReference = 52FBC7521F1E2AA20016FD03 /* SubClassExample */;
			productType = "com.apple.product-type.tool";
		};
/* End PBXNativeTarget section */

/* Begin PBXProject section */
		52FBC74A1F1E2AA20016FD03 /* Project object */ = {
			isa = PBXProject;
			attributes = {
				LastUpgradeCheck = 0830;
				ORGANIZATIONNAME = com.ITContractors;
				TargetAttributes = {
					52FBC7511F1E2AA20016FD03 = {
						CreatedOnToolsVersion = 8.3;
						ProvisioningStyle = Automatic;
					};
				};
			};
			buildConfigurationList = 52FBC74D1F1E2AA20016FD03 /* Build configuration list for PBXProject "SubClassExample" */;
			compatibilityVersion = "Xcode 3.2";
			developmentRegion = English;
			hasScannedForEncodings = 0;
			knownRegions = (
				en,
			);
			mainGroup = 52FBC7491F1E2AA20016FD03;
			productRefGroup = 52FBC7531F1E2AA20016FD03 /* Products */;
			projectDirPath = "";
			projectRoot = "";
			targets = (
				52FBC7511F1E2AA20016FD03 /* SubClassExample */,
			);
		};
/* End PBXProject section */

/* Begin PBXSourcesBuildPhase section */
		52FBC74E1F1E2AA20016FD03 /* Sources */ = {
			isa = PBXSourcesBuildPhase;
			buildActionMask = 2147483647;
			files = (
				52FBC7641F1E2E4C0016FD03 /* Benz.m in Sources */,
				52FBC75E1F1E2C0B0016FD03 /* Car.m in Sources */,
				52FBC7611F1E2D3F0016FD03 /* Maruthi.m in Sources */,
				52FBC7561F1E2AA20016FD03 /* main.m in Sources */,
			);
			runOnlyForDeploymentPostprocessing = 0;
		};
/* End PBXSourcesBuildPhase section */

/* Begin XCBuildConfiguration section */
		52FBC7571F1E2AA20016FD03 /* Debug */ = {
			isa = XCBuildConfiguration;
			buildSettings = {
				ALWAYS_SEARCH_USER_PATHS = NO;
				CLANG_ANALYZER_NONNULL = YES;
				CLANG_ANALYZER_NUMBER_OBJECT_CONVERSION = YES_AGGRESSIVE;
				CLANG_CXX_LANGUAGE_STANDARD = "gnu++0x";
				CLANG_CXX_LIBRARY = "libc++";
				CLANG_ENABLE_MODULES = YES;
				CLANG_ENABLE_OBJC_ARC = YES;
				CLANG_WARN_BOOL_CONVERSION = YES;
				CLANG_WARN_CONSTANT_CONVERSION = YES;
				CLANG_WARN_DIRECT_OBJC_ISA_USAGE = YES_ERROR;
				CLANG_WARN_DOCUMENTATION_COMMENTS = YES;
				CLANG_WARN_EMPTY_BODY = YES;
				CLANG_WARN_ENUM_CONVERSION = YES;
				CLANG_WARN_INFINITE_RECURSION = YES;
				CLANG_WARN_INT_CONVERSION = YES;
				CLANG_WARN_OBJC_ROOT_CLASS = YES_ERROR;
				CLANG_WARN_SUSPICIOUS_MOVE = YES;
				CLANG_WARN_UNREACHABLE_CODE = YES;
				CLANG_WARN__DUPLICATE_METHOD_MATCH = YES;
				CODE_SIGN_IDENTITY = "-";
				COPY_PHASE_STRIP = NO;
				DEBUG_INFORMATION_FORMAT = dwarf;
				ENABLE_STRICT_OBJC_MSGSEND = YES;
				ENABLE_TESTABILITY = YES;
				GCC_C_LANGUAGE_STANDARD = gnu99;
				GCC_DYNAMIC_NO_PIC = NO;
				GCC_NO_COMMON_BLOCKS = YES;
				GCC_OPTIMIZATION_LEVEL = 0;
				GCC_PREPROCESSOR_DEFINITIONS = (
					"DEBUG=1",
					"$(inherited)",
				);
				GCC_WARN_64_TO_32_BIT_CONVERSION = YES;
				GCC_WARN_ABOUT_RETURN_TYPE = YES_ERROR;
				GCC_WARN_UNDECLARED_SELECTOR = YES;
				GCC_WARN_UNINITIALIZED_AUTOS = YES_AGGRESSIVE;
				GCC_WARN_UNUSED_FUNCTION = YES;
				GCC_WARN_UNUSED_VARIABLE = YES;
				MACOSX_DEPLOYMENT_TARGET = 10.12;
				MTL_ENABLE_DEBUG_INFO = YES;
				ONLY_ACTIVE_ARCH = YES;
				SDKROOT = macosx;
			};
			name = Debug;
		};
		52FBC7581F1E2AA20016FD03 /* Release */ = {
			isa = XCBuildConfiguration;
			buildSettings = {
				ALWAYS_SEARCH_USER_PATHS = NO;
				CLANG_ANALYZER_NONNULL = YES;
				CLANG_ANALYZER_NUMBER_OBJECT_CONVERSION = YES_AGGRESSIVE;
				CLANG_CXX_LANGUAGE_STANDARD = "gnu++0x";
				CLANG_CXX_LIBRARY = "libc++";
				CLANG_ENABLE_MODULES = YES;
				CLANG_ENABLE_OBJC_ARC = YES;
				CLANG_WARN_BOOL_CONVERSION = YES;
				CLANG_WARN_CONSTANT_CONVERSION = YES;
				CLANG_WARN_DIRECT_OBJC_ISA_USAGE = YES_ERROR;
				CLANG_WARN_DOCUMENTATION_COMMENTS = YES;
				CLANG_WARN_EMPTY_BODY = YES;
				CLANG_WARN_ENUM_CONVERSION = YES;
				CLANG_WARN_INFINITE_RECURSION = YES;
				CLANG_WARN_INT_CONVERSION = YES;
				CLANG_WARN_OBJC_ROOT_CLASS = YES_ERROR;
				CLANG_WARN_SUSPICIOUS_MOVE = YES;
				CLANG_WARN_UNREACHABLE_CODE = YES;
				CLANG_WARN__DUPLICATE_METHOD_MATCH = YES;
				CODE_SIGN_IDENTITY = "-";
				COPY_PHASE_STRIP = NO;
				DEBUG_INFORMATION_FORMAT = "dwarf-with-dsym";
				ENABLE_NS_ASSERTIONS = NO;
				ENABLE_STRICT_OBJC_MSGSEND = YES;
				GCC_C_LANGUAGE_STANDARD = gnu99;
				GCC_NO_COMMON_BLOCKS = YES;
				GCC_WARN_64_TO_32_BIT_CONVERSION = YES;
				GCC_WARN_ABOUT_RETURN_TYPE = YES_ERROR;
				GCC_WARN_UNDECLARED_SELECTOR = YES;
				GCC_WARN_UNINITIALIZED_AUTOS = YES_AGGRESSIVE;
				GCC_WARN_UNUSED_FUNCTION = YES;
				GCC_WARN_UNUSED_VARIABLE = YES;
				MACOSX_DEPLOYMENT_TARGET = 10.12;
				MTL_ENABLE_DEBUG_INFO = NO;
				SDKROOT = macosx;
			};
			name = Release;
		};
		52FBC75A1F1E2AA20016FD03 /* Debug */ = {
			isa = XCBuildConfiguration;
			buildSettings = {
				PRODUCT_NAME = "$(TARGET_NAME)";
			};
			name = Debug;
		};
		52FBC75B1F1E2AA20016FD03 /* Release */ = {
			isa = XCBuildConfiguration;
			buildSettings = {
				PRODUCT_NAME = "$(TARGET_NAME)";
			};
			name = Release;
		};
/* End XCBuildConfiguration section */

/* Begin XCConfigurationList section */
		52FBC74D1F1E2AA20016FD03 /* Build configuration list for PBXProject "SubClassExample" */ = {
			isa = XCConfigurationList;
			buildConfigurations = (
				52FBC7571F1E2AA20016FD03 /* Debug */,
				52FBC7581F1E2AA20016FD03 /* Release */,
			);
			defaultConfigurationIsVisible = 0;
			defaultConfigurationName = Release;
		};
		52FBC7591F1E2AA20016FD03 /* Build configuration list for PBXNativeTarget "SubClassExample" */ = {
			isa = XCConfigurationList;
			buildConfigurations = (
				52FBC75A1F1E2AA20016FD03 /* Debug */,
				52FBC75B1F1E2AA20016FD03 /* Release */,
			);
			defaultConfigurationIsVisible = 0;
		};
/* End XCConfigurationList section */
	};
	rootObject = 52FBC74A1F1E2AA20016FD03 /* Project object */;
}
